// !$*UTF8*$!
{
	archiveVersion = 1;
	classes = {
	};
	objectVersion = 46;
	objects = {

/* Begin PBXBuildFile section */
		6C1D4C591DB9C73D0038FFA5 /* API.swift in Sources */ = {isa = PBXBuildFile; fileRef = 6C1D4C581DB9C73D0038FFA5 /* API.swift */; };
		6CCBF6131DB9DE8E00A44F7E /* AsyncActions.swift in Sources */ = {isa = PBXBuildFile; fileRef = 6CCBF6121DB9DE8E00A44F7E /* AsyncActions.swift */; };
		753785F11DA09000004703E0 /* AppDelegate.swift in Sources */ = {isa = PBXBuildFile; fileRef = 753785F01DA09000004703E0 /* AppDelegate.swift */; };
		753785F31DA09000004703E0 /* ToDosViewController.swift in Sources */ = {isa = PBXBuildFile; fileRef = 753785F21DA09000004703E0 /* ToDosViewController.swift */; };
		753785F61DA09000004703E0 /* Main.storyboard in Resources */ = {isa = PBXBuildFile; fileRef = 753785F41DA09000004703E0 /* Main.storyboard */; };
		753785F81DA09000004703E0 /* Assets.xcassets in Resources */ = {isa = PBXBuildFile; fileRef = 753785F71DA09000004703E0 /* Assets.xcassets */; };
		753785FB1DA09000004703E0 /* LaunchScreen.storyboard in Resources */ = {isa = PBXBuildFile; fileRef = 753785F91DA09000004703E0 /* LaunchScreen.storyboard */; };
		753786041DA0A139004703E0 /* State.swift in Sources */ = {isa = PBXBuildFile; fileRef = 753786031DA0A139004703E0 /* State.swift */; };
		753786061DA0E127004703E0 /* AddToDoViewController.swift in Sources */ = {isa = PBXBuildFile; fileRef = 753786051DA0E127004703E0 /* AddToDoViewController.swift */; };
		753786081DA10B6C004703E0 /* ViewModels.swift in Sources */ = {isa = PBXBuildFile; fileRef = 753786071DA10B6C004703E0 /* ViewModels.swift */; };
		7537860A1DA10D2B004703E0 /* Models.swift in Sources */ = {isa = PBXBuildFile; fileRef = 753786091DA10D2B004703E0 /* Models.swift */; };
		7537860C1DA10DDF004703E0 /* Reducers.swift in Sources */ = {isa = PBXBuildFile; fileRef = 7537860B1DA10DDF004703E0 /* Reducers.swift */; };
		7537860E1DA10E66004703E0 /* Actions.swift in Sources */ = {isa = PBXBuildFile; fileRef = 7537860D1DA10E66004703E0 /* Actions.swift */; };
		B119D9A94E6F40C9360D2F5C /* Pods_ToDo.framework in Frameworks */ = {isa = PBXBuildFile; fileRef = E26FBA17A6CB396A0578C0A7 /* Pods_ToDo.framework */; };
/* End PBXBuildFile section */

/* Begin PBXCopyFilesBuildPhase section */
		75CBCE041DA12D6300190D6A /* Embed Frameworks */ = {
			isa = PBXCopyFilesBuildPhase;
			buildActionMask = 2147483647;
			dstPath = "";
			dstSubfolderSpec = 10;
			files = (
			);
			name = "Embed Frameworks";
			runOnlyForDeploymentPostprocessing = 0;
		};
/* End PBXCopyFilesBuildPhase section */

/* Begin PBXFileReference section */
		6C1D4C581DB9C73D0038FFA5 /* API.swift */ = {isa = PBXFileReference; fileEncoding = 4; lastKnownFileType = sourcecode.swift; lineEnding = 0; path = API.swift; sourceTree = "<group>"; xcLanguageSpecificationIdentifier = xcode.lang.swift; };
		6CCBF6121DB9DE8E00A44F7E /* AsyncActions.swift */ = {isa = PBXFileReference; fileEncoding = 4; lastKnownFileType = sourcecode.swift; lineEnding = 0; path = AsyncActions.swift; sourceTree = "<group>"; xcLanguageSpecificationIdentifier = xcode.lang.swift; };
		753785ED1DA09000004703E0 /* ToDo.app */ = {isa = PBXFileReference; explicitFileType = wrapper.application; includeInIndex = 0; path = ToDo.app; sourceTree = BUILT_PRODUCTS_DIR; };
		753785F01DA09000004703E0 /* AppDelegate.swift */ = {isa = PBXFileReference; lastKnownFileType = sourcecode.swift; path = AppDelegate.swift; sourceTree = "<group>"; };
		753785F21DA09000004703E0 /* ToDosViewController.swift */ = {isa = PBXFileReference; lastKnownFileType = sourcecode.swift; path = ToDosViewController.swift; sourceTree = "<group>"; };
		753785F51DA09000004703E0 /* Base */ = {isa = PBXFileReference; lastKnownFileType = file.storyboard; name = Base; path = Base.lproj/Main.storyboard; sourceTree = "<group>"; };
		753785F71DA09000004703E0 /* Assets.xcassets */ = {isa = PBXFileReference; lastKnownFileType = folder.assetcatalog; path = Assets.xcassets; sourceTree = "<group>"; };
		753785FA1DA09000004703E0 /* Base */ = {isa = PBXFileReference; lastKnownFileType = file.storyboard; name = Base; path = Base.lproj/LaunchScreen.storyboard; sourceTree = "<group>"; };
		753785FC1DA09000004703E0 /* Info.plist */ = {isa = PBXFileReference; lastKnownFileType = text.plist.xml; path = Info.plist; sourceTree = "<group>"; };
		753786031DA0A139004703E0 /* State.swift */ = {isa = PBXFileReference; fileEncoding = 4; lastKnownFileType = sourcecode.swift; path = State.swift; sourceTree = "<group>"; };
		753786051DA0E127004703E0 /* AddToDoViewController.swift */ = {isa = PBXFileReference; fileEncoding = 4; lastKnownFileType = sourcecode.swift; path = AddToDoViewController.swift; sourceTree = "<group>"; };
		753786071DA10B6C004703E0 /* ViewModels.swift */ = {isa = PBXFileReference; fileEncoding = 4; lastKnownFileType = sourcecode.swift; path = ViewModels.swift; sourceTree = "<group>"; };
		753786091DA10D2B004703E0 /* Models.swift */ = {isa = PBXFileReference; fileEncoding = 4; lastKnownFileType = sourcecode.swift; lineEnding = 0; path = Models.swift; sourceTree = "<group>"; xcLanguageSpecificationIdentifier = xcode.lang.swift; };
		7537860B1DA10DDF004703E0 /* Reducers.swift */ = {isa = PBXFileReference; fileEncoding = 4; lastKnownFileType = sourcecode.swift; lineEnding = 0; path = Reducers.swift; sourceTree = "<group>"; xcLanguageSpecificationIdentifier = xcode.lang.swift; };
		7537860D1DA10E66004703E0 /* Actions.swift */ = {isa = PBXFileReference; fileEncoding = 4; lastKnownFileType = sourcecode.swift; lineEnding = 0; path = Actions.swift; sourceTree = "<group>"; xcLanguageSpecificationIdentifier = xcode.lang.swift; };
		75552B3E8961FE6CA375FF67 /* Pods-ToDo.debug.xcconfig */ = {isa = PBXFileReference; includeInIndex = 1; lastKnownFileType = text.xcconfig; name = "Pods-ToDo.debug.xcconfig"; path = "Pods/Target Support Files/Pods-ToDo/Pods-ToDo.debug.xcconfig"; sourceTree = "<group>"; };
		75CBCE011DA12D6300190D6A /* TDRedux.framework */ = {isa = PBXFileReference; explicitFileType = wrapper.framework; path = TDRedux.framework; sourceTree = BUILT_PRODUCTS_DIR; };
		A4FA8662DC9C04D4EB4ED5ED /* Pods-ToDo.release.xcconfig */ = {isa = PBXFileReference; includeInIndex = 1; lastKnownFileType = text.xcconfig; name = "Pods-ToDo.release.xcconfig"; path = "Pods/Target Support Files/Pods-ToDo/Pods-ToDo.release.xcconfig"; sourceTree = "<group>"; };
		E26FBA17A6CB396A0578C0A7 /* Pods_ToDo.framework */ = {isa = PBXFileReference; explicitFileType = wrapper.framework; includeInIndex = 0; path = Pods_ToDo.framework; sourceTree = BUILT_PRODUCTS_DIR; };
/* End PBXFileReference section */

/* Begin PBXFrameworksBuildPhase section */
		753785EA1DA09000004703E0 /* Frameworks */ = {
			isa = PBXFrameworksBuildPhase;
			buildActionMask = 2147483647;
			files = (
				B119D9A94E6F40C9360D2F5C /* Pods_ToDo.framework in Frameworks */,
			);
			runOnlyForDeploymentPostprocessing = 0;
		};
/* End PBXFrameworksBuildPhase section */

/* Begin PBXGroup section */
		2EE9D0EE17C6F9A8E84189DE /* Pods */ = {
			isa = PBXGroup;
			children = (
				75552B3E8961FE6CA375FF67 /* Pods-ToDo.debug.xcconfig */,
				A4FA8662DC9C04D4EB4ED5ED /* Pods-ToDo.release.xcconfig */,
			);
			name = Pods;
			sourceTree = "<group>";
		};
		4677214F6CCD1FF223C46118 /* Frameworks */ = {
			isa = PBXGroup;
			children = (
				E26FBA17A6CB396A0578C0A7 /* Pods_ToDo.framework */,
			);
			name = Frameworks;
			sourceTree = "<group>";
		};
		6CFED2D61DB9C22C0035F962 /* ViewControllers */ = {
			isa = PBXGroup;
			children = (
				753786071DA10B6C004703E0 /* ViewModels.swift */,
				753785F21DA09000004703E0 /* ToDosViewController.swift */,
				753786051DA0E127004703E0 /* AddToDoViewController.swift */,
			);
			name = ViewControllers;
			sourceTree = "<group>";
		};
		6CFED2D71DB9C2360035F962 /* Redux */ = {
			isa = PBXGroup;
			children = (
				7537860D1DA10E66004703E0 /* Actions.swift */,
				6CCBF6121DB9DE8E00A44F7E /* AsyncActions.swift */,
				753786091DA10D2B004703E0 /* Models.swift */,
				753786031DA0A139004703E0 /* State.swift */,
				7537860B1DA10DDF004703E0 /* Reducers.swift */,
			);
			name = Redux;
			sourceTree = "<group>";
		};
		753785E41DA09000004703E0 = {
			isa = PBXGroup;
			children = (
				753785EF1DA09000004703E0 /* ToDo */,
				2EE9D0EE17C6F9A8E84189DE /* Pods */,
				4677214F6CCD1FF223C46118 /* Frameworks */,
			);
			sourceTree = "<group>";
		};
		753785EE1DA09000004703E0 /* Products */ = {
			isa = PBXGroup;
			children = (
				753785ED1DA09000004703E0 /* ToDo.app */,
			);
			name = Products;
			path = ..;
			sourceTree = "<group>";
		};
		753785EF1DA09000004703E0 /* ToDo */ = {
			isa = PBXGroup;
			children = (
				6C1D4C581DB9C73D0038FFA5 /* API.swift */,
				6CFED2D71DB9C2360035F962 /* Redux */,
				6CFED2D61DB9C22C0035F962 /* ViewControllers */,
				753786021DA09B40004703E0 /* Everything Else */,
				753785EE1DA09000004703E0 /* Products */,
			);
			path = ToDo;
			sourceTree = "<group>";
		};
		753786021DA09B40004703E0 /* Everything Else */ = {
			isa = PBXGroup;
			children = (
				75CBCE011DA12D6300190D6A /* TDRedux.framework */,
				753785F01DA09000004703E0 /* AppDelegate.swift */,
				753785F41DA09000004703E0 /* Main.storyboard */,
				753785F71DA09000004703E0 /* Assets.xcassets */,
				753785F91DA09000004703E0 /* LaunchScreen.storyboard */,
				753785FC1DA09000004703E0 /* Info.plist */,
			);
			name = "Everything Else";
			sourceTree = "<group>";
		};
/* End PBXGroup section */

/* Begin PBXNativeTarget section */
		753785EC1DA09000004703E0 /* ToDo */ = {
			isa = PBXNativeTarget;
			buildConfigurationList = 753785FF1DA09000004703E0 /* Build configuration list for PBXNativeTarget "ToDo" */;
			buildPhases = (
				77D569BAE0E8B3995B77249F /* [CP] Check Pods Manifest.lock */,
				753785E91DA09000004703E0 /* Sources */,
				753785EA1DA09000004703E0 /* Frameworks */,
				753785EB1DA09000004703E0 /* Resources */,
				75CBCE041DA12D6300190D6A /* Embed Frameworks */,
				4917324061E9E05E9B09C3D4 /* [CP] Embed Pods Frameworks */,
				D79985F340BDC5FF72722607 /* [CP] Copy Pods Resources */,
			);
			buildRules = (
			);
			dependencies = (
			);
			name = ToDo;
			productName = ToDo;
			productReference = 753785ED1DA09000004703E0 /* ToDo.app */;
			productType = "com.apple.product-type.application";
		};
/* End PBXNativeTarget section */

/* Begin PBXProject section */
		753785E51DA09000004703E0 /* Project object */ = {
			isa = PBXProject;
			attributes = {
				LastSwiftUpdateCheck = 0800;
				LastUpgradeCheck = 0800;
				ORGANIZATIONNAME = nicktd;
				TargetAttributes = {
					753785EC1DA09000004703E0 = {
						CreatedOnToolsVersion = 8.0;
						ProvisioningStyle = Automatic;
					};
				};
			};
			buildConfigurationList = 753785E81DA09000004703E0 /* Build configuration list for PBXProject "ToDo" */;
			compatibilityVersion = "Xcode 3.2";
			developmentRegion = English;
			hasScannedForEncodings = 0;
			knownRegions = (
				en,
				Base,
			);
			mainGroup = 753785E41DA09000004703E0;
			productRefGroup = 753785EE1DA09000004703E0 /* Products */;
			projectDirPath = "";
			projectRoot = "";
			targets = (
				753785EC1DA09000004703E0 /* ToDo */,
			);
		};
/* End PBXProject section */

/* Begin PBXResourcesBuildPhase section */
		753785EB1DA09000004703E0 /* Resources */ = {
			isa = PBXResourcesBuildPhase;
			buildActionMask = 2147483647;
			files = (
				753785FB1DA09000004703E0 /* LaunchScreen.storyboard in Resources */,
				753785F81DA09000004703E0 /* Assets.xcassets in Resources */,
				753785F61DA09000004703E0 /* Main.storyboard in Resources */,
			);
			runOnlyForDeploymentPostprocessing = 0;
		};
/* End PBXResourcesBuildPhase section */

/* Begin PBXShellScriptBuildPhase section */
		4917324061E9E05E9B09C3D4 /* [CP] Embed Pods Frameworks */ = {
			isa = PBXShellScriptBuildPhase;
			buildActionMask = 2147483647;
			files = (
			);
			inputPaths = (
			);
			name = "[CP] Embed Pods Frameworks";
			outputPaths = (
			);
			runOnlyForDeploymentPostprocessing = 0;
			shellPath = /bin/sh;
			shellScript = "\"${SRCROOT}/Pods/Target Support Files/Pods-ToDo/Pods-ToDo-frameworks.sh\"\n";
			showEnvVarsInLog = 0;
		};
		77D569BAE0E8B3995B77249F /* [CP] Check Pods Manifest.lock */ = {
			isa = PBXShellScriptBuildPhase;
			buildActionMask = 2147483647;
			files = (
			);
			inputPaths = (
			);
			name = "[CP] Check Pods Manifest.lock";
			outputPaths = (
			);
			runOnlyForDeploymentPostprocessing = 0;
			shellPath = /bin/sh;
			shellScript = "diff \"${PODS_ROOT}/../Podfile.lock\" \"${PODS_ROOT}/Manifest.lock\" > /dev/null\nif [ $? != 0 ] ; then\n    # print error to STDERR\n    echo \"error: The sandbox is not in sync with the Podfile.lock. Run 'pod install' or update your CocoaPods installation.\" >&2\n    exit 1\nfi\n";
			showEnvVarsInLog = 0;
		};
		D79985F340BDC5FF72722607 /* [CP] Copy Pods Resources */ = {
			isa = PBXShellScriptBuildPhase;
			buildActionMask = 2147483647;
			files = (
			);
			inputPaths = (
			);
			name = "[CP] Copy Pods Resources";
			outputPaths = (
			);
			runOnlyForDeploymentPostprocessing = 0;
			shellPath = /bin/sh;
			shellScript = "\"${SRCROOT}/Pods/Target Support Files/Pods-ToDo/Pods-ToDo-resources.sh\"\n";
			showEnvVarsInLog = 0;
		};
/* End PBXShellScriptBuildPhase section */

/* Begin PBXSourcesBuildPhase section */
		753785E91DA09000004703E0 /* Sources */ = {
			isa = PBXSourcesBuildPhase;
			buildActionMask = 2147483647;
			files = (
				6CCBF6131DB9DE8E00A44F7E /* AsyncActions.swift in Sources */,
				753786061DA0E127004703E0 /* AddToDoViewController.swift in Sources */,
				7537860E1DA10E66004703E0 /* Actions.swift in Sources */,
				753785F31DA09000004703E0 /* ToDosViewController.swift in Sources */,
				753786081DA10B6C004703E0 /* ViewModels.swift in Sources */,
				7537860A1DA10D2B004703E0 /* Models.swift in Sources */,
				753785F11DA09000004703E0 /* AppDelegate.swift in Sources */,
				753786041DA0A139004703E0 /* State.swift in Sources */,
				6C1D4C591DB9C73D0038FFA5 /* API.swift in Sources */,
				7537860C1DA10DDF004703E0 /* Reducers.swift in Sources */,
			);
			runOnlyForDeploymentPostprocessing = 0;
		};
/* End PBXSourcesBuildPhase section */

/* Begin PBXVariantGroup section */
		753785F41DA09000004703E0 /* Main.storyboard */ = {
			isa = PBXVariantGroup;
			children = (
				753785F51DA09000004703E0 /* Base */,
			);
			name = Main.storyboard;
			sourceTree = "<group>";
		};
		753785F91DA09000004703E0 /* LaunchScreen.storyboard */ = {
			isa = PBXVariantGroup;
			children = (
				753785FA1DA09000004703E0 /* Base */,
			);
			name = LaunchScreen.storyboard;
			sourceTree = "<group>";
		};
/* End PBXVariantGroup section */

/* Begin XCBuildConfiguration section */
		753785FD1DA09000004703E0 /* Debug */ = {
			isa = XCBuildConfiguration;
			buildSettings = {
				ALWAYS_SEARCH_USER_PATHS = NO;
				CLANG_ANALYZER_NONNULL = YES;
				CLANG_CXX_LANGUAGE_STANDARD = "gnu++0x";
				CLANG_CXX_LIBRARY = "libc++";
				CLANG_ENABLE_MODULES = YES;
				CLANG_ENABLE_OBJC_ARC = YES;
				CLANG_WARN_BOOL_CONVERSION = YES;
				CLANG_WARN_CONSTANT_CONVERSION = YES;
				CLANG_WARN_DIRECT_OBJC_ISA_USAGE = YES_ERROR;
				CLANG_WARN_DOCUMENTATION_COMMENTS = YES;
				CLANG_WARN_EMPTY_BODY = YES;
				CLANG_WARN_ENUM_CONVERSION = YES;
				CLANG_WARN_INFINITE_RECURSION = YES;
				CLANG_WARN_INT_CONVERSION = YES;
				CLANG_WARN_OBJC_ROOT_CLASS = YES_ERROR;
				CLANG_WARN_SUSPICIOUS_MOVES = YES;
				CLANG_WARN_UNREACHABLE_CODE = YES;
				CLANG_WARN__DUPLICATE_METHOD_MATCH = YES;
				"CODE_SIGN_IDENTITY[sdk=iphoneos*]" = "iPhone Developer";
				COPY_PHASE_STRIP = NO;
				DEBUG_INFORMATION_FORMAT = dwarf;
				ENABLE_STRICT_OBJC_MSGSEND = YES;
				ENABLE_TESTABILITY = YES;
				GCC_C_LANGUAGE_STANDARD = gnu99;
				GCC_DYNAMIC_NO_PIC = NO;
				GCC_NO_COMMON_BLOCKS = YES;
				GCC_OPTIMIZATION_LEVEL = 0;
				GCC_PREPROCESSOR_DEFINITIONS = (
					"DEBUG=1",
					"$(inherited)",
				);
				GCC_WARN_64_TO_32_BIT_CONVERSION = YES;
				GCC_WARN_ABOUT_RETURN_TYPE = YES_ERROR;
				GCC_WARN_UNDECLARED_SELECTOR = YES;
				GCC_WARN_UNINITIALIZED_AUTOS = YES_AGGRESSIVE;
				GCC_WARN_UNUSED_FUNCTION = YES;
				GCC_WARN_UNUSED_VARIABLE = YES;
				IPHONEOS_DEPLOYMENT_TARGET = 10.0;
				MTL_ENABLE_DEBUG_INFO = YES;
				ONLY_ACTIVE_ARCH = YES;
				SDKROOT = iphoneos;
				SWIFT_ACTIVE_COMPILATION_CONDITIONS = DEBUG;
				SWIFT_OPTIMIZATION_LEVEL = "-Onone";
			};
			name = Debug;
		};
		753785FE1DA09000004703E0 /* Release */ = {
			isa = XCBuildConfiguration;
			buildSettings = {
				ALWAYS_SEARCH_USER_PATHS = NO;
				CLANG_ANALYZER_NONNULL = YES;
				CLANG_CXX_LANGUAGE_STANDARD = "gnu++0x";
				CLANG_CXX_LIBRARY = "libc++";
				CLANG_ENABLE_MODULES = YES;
				CLANG_ENABLE_OBJC_ARC = YES;
				CLANG_WARN_BOOL_CONVERSION = YES;
				CLANG_WARN_CONSTANT_CONVERSION = YES;
				CLANG_WARN_DIRECT_OBJC_ISA_USAGE = YES_ERROR;
				CLANG_WARN_DOCUMENTATION_COMMENTS = YES;
				CLANG_WARN_EMPTY_BODY = YES;
				CLANG_WARN_ENUM_CONVERSION = YES;
				CLANG_WARN_INFINITE_RECURSION = YES;
				CLANG_WARN_INT_CONVERSION = YES;
				CLANG_WARN_OBJC_ROOT_CLASS = YES_ERROR;
				CLANG_WARN_SUSPICIOUS_MOVES = YES;
				CLANG_WARN_UNREACHABLE_CODE = YES;
				CLANG_WARN__DUPLICATE_METHOD_MATCH = YES;
				"CODE_SIGN_IDENTITY[sdk=iphoneos*]" = "iPhone Developer";
				COPY_PHASE_STRIP = NO;
				DEBUG_INFORMATION_FORMAT = "dwarf-with-dsym";
				ENABLE_NS_ASSERTIONS = NO;
				ENABLE_STRICT_OBJC_MSGSEND = YES;
				GCC_C_LANGUAGE_STANDARD = gnu99;
				GCC_NO_COMMON_BLOCKS = YES;
				GCC_WARN_64_TO_32_BIT_CONVERSION = YES;
				GCC_WARN_ABOUT_RETURN_TYPE = YES_ERROR;
				GCC_WARN_UNDECLARED_SELECTOR = YES;
				GCC_WARN_UNINITIALIZED_AUTOS = YES_AGGRESSIVE;
				GCC_WARN_UNUSED_FUNCTION = YES;
				GCC_WARN_UNUSED_VARIABLE = YES;
				IPHONEOS_DEPLOYMENT_TARGET = 10.0;
				MTL_ENABLE_DEBUG_INFO = NO;
				SDKROOT = iphoneos;
				SWIFT_OPTIMIZATION_LEVEL = "-Owholemodule";
				VALIDATE_PRODUCT = YES;
			};
			name = Release;
		};
		753786001DA09000004703E0 /* Debug */ = {
			isa = XCBuildConfiguration;
			baseConfigurationReference = 75552B3E8961FE6CA375FF67 /* Pods-ToDo.debug.xcconfig */;
			buildSettings = {
				ASSETCATALOG_COMPILER_APPICON_NAME = AppIcon;
				INFOPLIST_FILE = ToDo/Info.plist;
				LD_RUNPATH_SEARCH_PATHS = "$(inherited) @executable_path/Frameworks";
				PRODUCT_BUNDLE_IDENTIFIER = com.nicktd.ToDo;
				PRODUCT_NAME = "$(TARGET_NAME)";
				SWIFT_VERSION = 3.0;
			};
			name = Debug;
		};
		753786011DA09000004703E0 /* Release */ = {
			isa = XCBuildConfiguration;
			baseConfigurationReference = A4FA8662DC9C04D4EB4ED5ED /* Pods-ToDo.release.xcconfig */;
			buildSettings = {
				ASSETCATALOG_COMPILER_APPICON_NAME = AppIcon;
				INFOPLIST_FILE = ToDo/Info.plist;
				LD_RUNPATH_SEARCH_PATHS = "$(inherited) @executable_path/Frameworks";
				PRODUCT_BUNDLE_IDENTIFIER = com.nicktd.ToDo;
				PRODUCT_NAME = "$(TARGET_NAME)";
				SWIFT_VERSION = 3.0;
			};
			name = Release;
		};
/* End XCBuildConfiguration section */

/* Begin XCConfigurationList section */
		753785E81DA09000004703E0 /* Build configuration list for PBXProject "ToDo" */ = {
			isa = XCConfigurationList;
			buildConfigurations = (
				753785FD1DA09000004703E0 /* Debug */,
				753785FE1DA09000004703E0 /* Release */,
			);
			defaultConfigurationIsVisible = 0;
			defaultConfigurationName = Release;
		};
		753785FF1DA09000004703E0 /* Build configuration list for PBXNativeTarget "ToDo" */ = {
			isa = XCConfigurationList;
			buildConfigurations = (
				753786001DA09000004703E0 /* Debug */,
				753786011DA09000004703E0 /* Release */,
			);
			defaultConfigurationIsVisible = 0;
			defaultConfigurationName = Release;
		};
/* End XCConfigurationList section */
	};
	rootObject = 753785E51DA09000004703E0 /* Project object */;
}
